{
  "name": "stackprice",
  "version": "0.0.1",
  "lockfileVersion": 3,
  "requires": true,
  "packages": {
    "": {
      "name": "stackprice",
      "version": "0.0.1",
      "license": "MIT",
      "bin": {
        "stackprice": "dist/index.js"
      },
      "engines": {
        "node": ">=20.0.0"
      }
    }
  }
}
